
Microsoft Visual Studio Solution File, Format Version 12.00
# Visual Studio 15
VisualStudioVersion = 15.0.28010.2036
MinimumVisualStudioVersion = 10.0.40219.1
Project("{9A19103F-16F7-4668-BE54-9A1E7A4F7556}") = "PalletConfig.Web", "PalletConfig.Web\PalletConfig.Web.csproj", "{61B95F5D-82CC-4800-BA29-8E38E43ED4FC}"
EndProject
Project("{9A19103F-16F7-4668-BE54-9A1E7A4F7556}") = "PalletConfig.Library", "PalletConfig.Library\PalletConfig.Library.csproj", "{970FE0AF-BBC3-4F7E-9AA0-1E38608F1E2A}"
EndProject
Project("{FAE04EC0-301F-11D3-BF4B-00C04F79EFBC}") = "PalletConfig.Tests", "PalletConfig.Tests\PalletConfig.Tests.csproj", "{076DA1C6-028B-44FB-A925-767FBA6AFE94}"
EndProject
Global
	GlobalSection(SolutionConfigurationPlatforms) = preSolution
		Debug|Any CPU = Debug|Any CPU
		Release|Any CPU = Release|Any CPU
	EndGlobalSection
	GlobalSection(ProjectConfigurationPlatforms) = postSolution
		{61B95F5D-82CC-4800-BA29-8E38E43ED4FC}.Debug|Any CPU.ActiveCfg = Debug|Any CPU
		{61B95F5D-82CC-4800-BA29-8E38E43ED4FC}.Debug|Any CPU.Build.0 = Debug|Any CPU
		{61B95F5D-82CC-4800-BA29-8E38E43ED4FC}.Release|Any CPU.ActiveCfg = Release|Any CPU
		{61B95F5D-82CC-4800-BA29-8E38E43ED4FC}.Release|Any CPU.Build.0 = Release|Any CPU
		{970FE0AF-BBC3-4F7E-9AA0-1E38608F1E2A}.Debug|Any CPU.ActiveCfg = Debug|Any CPU
		{970FE0AF-BBC3-4F7E-9AA0-1E38608F1E2A}.Debug|Any CPU.Build.0 = Debug|Any CPU
		{970FE0AF-BBC3-4F7E-9AA0-1E38608F1E2A}.Release|Any CPU.ActiveCfg = Release|Any CPU
		{970FE0AF-BBC3-4F7E-9AA0-1E38608F1E2A}.Release|Any CPU.Build.0 = Release|Any CPU
		{076DA1C6-028B-44FB-A925-767FBA6AFE94}.Debug|Any CPU.ActiveCfg = Debug|Any CPU
		{076DA1C6-028B-44FB-A925-767FBA6AFE94}.Debug|Any CPU.Build.0 = Debug|Any CPU
		{076DA1C6-028B-44FB-A925-767FBA6AFE94}.Release|Any CPU.ActiveCfg = Release|Any CPU
		{076DA1C6-028B-44FB-A925-767FBA6AFE94}.Release|Any CPU.Build.0 = Release|Any CPU
	EndGlobalSection
	GlobalSection(SolutionProperties) = preSolution
		HideSolutionNode = FALSE
	EndGlobalSection
	GlobalSection(ExtensibilityGlobals) = postSolution
		SolutionGuid = {6CA1BCF4-6ACC-4303-AF99-BEE37E91879F}
	EndGlobalSection
EndGlobal
